
Microsoft Visual Studio Solution File, Format Version 12.00
# Visual Studio Version 17
VisualStudioVersion = 17.8.34322.80
MinimumVisualStudioVersion = 10.0.40219.1
Project("{2150E333-8FDC-42A3-9474-1A3956D46DE8}") = "0_Common", "0_Common", "{7B4DD5B4-406F-4D30-B287-7A74C5093B5B}"
EndProject
Project("{2150E333-8FDC-42A3-9474-1A3956D46DE8}") = "2_Core", "2_Core", "{1D225878-8FC8-419F-9F2E-C1599089CC69}"
EndProject
Project("{9A19103F-16F7-4668-BE54-9A1E7A4F7556}") = "FileManager.Core.Interpreter", "FileManager.Core.Interpreter\FileManager.Core.Interpreter.csproj", "{A045DC8E-3DC2-45F0-89C0-D460672007FE}"
EndProject
Project("{9A19103F-16F7-4668-BE54-9A1E7A4F7556}") = "FileManager.UI", "FileManager.UI\FileManager.UI.csproj", "{C1964CB5-1B41-4583-AF6E-0E6877280F28}"
EndProject
Project("{2150E333-8FDC-42A3-9474-1A3956D46DE8}") = "1_UI", "1_UI", "{89522F03-38CD-42E6-84A6-87A87F1484CA}"
EndProject
Project("{2150E333-8FDC-42A3-9474-1A3956D46DE8}") = "4_Tests", "4_Tests", "{BF3CDBC6-80B8-442C-8DC8-0187AD35714A}"
EndProject
Project("{9A19103F-16F7-4668-BE54-9A1E7A4F7556}") = "FileManager.Core.Interpreter.Tests", "FileManager.Core.Interpreter.Tests\FileManager.Core.Interpreter.Tests.csproj", "{7CCAF77C-B110-4A45-AC4A-CA99116D2F80}"
EndProject
Project("{9A19103F-16F7-4668-BE54-9A1E7A4F7556}") = "FileManager.TestBase", "FileManager.TestBase\FileManager.TestBase.csproj", "{BBD1C84C-6149-4880-A238-3B7843E0E77F}"
EndProject
Project("{9A19103F-16F7-4668-BE54-9A1E7A4F7556}") = "HBLibrary.Wpf", "..\HBLibrary\HBLibrary.Wpf\HBLibrary.Wpf.csproj", "{5D617DAB-6A49-431B-B17B-EDA3D837B4F3}"
EndProject
Project("{9A19103F-16F7-4668-BE54-9A1E7A4F7556}") = "FileManager.Core", "FileManager.Core\FileManager.Core.csproj", "{6E5CE41B-2BDC-40D8-8620-66F45CFBAF19}"
EndProject
Project("{9A19103F-16F7-4668-BE54-9A1E7A4F7556}") = "FileManager.WorkerService", "FileManager.WorkerService\FileManager.WorkerService.csproj", "{F7900351-5CE6-43DE-A72B-C20CD68C1E7A}"
EndProject
Project("{9A19103F-16F7-4668-BE54-9A1E7A4F7556}") = "FileManager.Core.JobSteps", "FileManager.Core.JobSteps\FileManager.Core.JobSteps.csproj", "{76832B5D-F39A-408F-AB26-0D30C2F7AAA2}"
EndProject
Project("{9A19103F-16F7-4668-BE54-9A1E7A4F7556}") = "FileManager.Core.JobSteps.PluginTest", "FileManager.Core.JobSteps.PluginTest\FileManager.Core.JobSteps.PluginTest.csproj", "{9AA0DF51-00D9-4D4F-970A-8A9308B75D90}"
EndProject
Project("{2150E333-8FDC-42A3-9474-1A3956D46DE8}") = "Solution Items", "Solution Items", "{8FBCF63A-EA6F-438D-B4CC-B773829439FF}"
	ProjectSection(SolutionItems) = preProject
		.editorconfig = .editorconfig
	EndProjectSection
EndProject
Project("{9A19103F-16F7-4668-BE54-9A1E7A4F7556}") = "FileManager.API", "FileManager.API\FileManager.API.csproj", "{0D83FAF7-991B-4B42-8BCD-B08E4E0E7CB6}"
EndProject
Project("{2150E333-8FDC-42A3-9474-1A3956D46DE8}") = "3_Domain", "3_Domain", "{E5F6C9AF-8370-49D1-A36E-E08511C3277F}"
EndProject
Project("{9A19103F-16F7-4668-BE54-9A1E7A4F7556}") = "HBLibrary.Interpreter", "..\HBLibrary\HBLibrary.Interpreter\HBLibrary.Interpreter.csproj", "{106B8A99-C6AA-439C-90E5-6178EDFA10B3}"
EndProject
Project("{9A19103F-16F7-4668-BE54-9A1E7A4F7556}") = "HBLibrary.Interface.Logging", "..\HBLibrary\HBLibrary.Interface.Logging\HBLibrary.Interface.Logging.csproj", "{1042A60C-D4E4-4FBB-8D1A-19E5CABAFE70}"
EndProject
Project("{9A19103F-16F7-4668-BE54-9A1E7A4F7556}") = "HBLibrary.Logging", "..\HBLibrary\HBLibrary.Logging\HBLibrary.Logging.csproj", "{BA7F327E-15D8-4B48-92F3-9C477AAA609B}"
EndProject
Project("{9A19103F-16F7-4668-BE54-9A1E7A4F7556}") = "HBLibrary.Core", "..\HBLibrary\HBLibrary.Core\HBLibrary.Core.csproj", "{015ABDDE-57BA-44B4-BE15-DE10370C551E}"
EndProject
Project("{9A19103F-16F7-4668-BE54-9A1E7A4F7556}") = "HBLibrary.Interface.Plugins", "..\HBLibrary\HBLibrary.Interface.Plugins\HBLibrary.Interface.Plugins.csproj", "{B237F4CE-5E3F-47EF-A5A9-791671F146B3}"
EndProject
Project("{9A19103F-16F7-4668-BE54-9A1E7A4F7556}") = "HBLibrary.Security", "..\HBLibrary\HBLibrary.Security\HBLibrary.Security.csproj", "{8E03D3E3-844A-4047-ACA8-F57F28D51D7B}"
EndProject
Project("{9A19103F-16F7-4668-BE54-9A1E7A4F7556}") = "HBLibrary.Interface.Security", "..\HBLibrary\HBLibrary.Interface.Security\HBLibrary.Interface.Security.csproj", "{08A4E221-E3C5-41FC-9939-7F93F9F0B0EA}"
EndProject
Project("{9A19103F-16F7-4668-BE54-9A1E7A4F7556}") = "HBLibrary.Interface.IO", "..\HBLibrary\HBLibrary.Interface.IO\HBLibrary.Interface.IO.csproj", "{FFB81299-09C5-4623-9D96-9E74E0366484}"
EndProject
Project("{9A19103F-16F7-4668-BE54-9A1E7A4F7556}") = "HBLibrary.IO", "..\HBLibrary\HBLibrary.IO\HBLibrary.IO.csproj", "{EC57435C-E263-40F2-A272-2D54FFA96DEB}"
EndProject
Project("{9A19103F-16F7-4668-BE54-9A1E7A4F7556}") = "HBLibrary.Interface.Workspace", "..\HBLibrary\HBLibrary.Interface.Workspace\HBLibrary.Interface.Workspace.csproj", "{BCB2C505-F5E1-4B6B-972D-D1857881DA9A}"
EndProject
Project("{9A19103F-16F7-4668-BE54-9A1E7A4F7556}") = "HBLibrary.Workspace", "..\HBLibrary\HBLibrary.Workspace\HBLibrary.Workspace.csproj", "{42AB8B3D-03CB-4613-B920-2F85457E00E0}"
EndProject
Project("{9A19103F-16F7-4668-BE54-9A1E7A4F7556}") = "HBLibrary.DI", "..\HBLibrary\HBLibrary.DI\HBLibrary.DI.csproj", "{EE1C7282-9D4E-4A01-9540-A417DA33BE65}"
EndProject
Project("{9A19103F-16F7-4668-BE54-9A1E7A4F7556}") = "HBLibrary.Plugins", "..\HBLibrary\HBLibrary.Plugins\HBLibrary.Plugins.csproj", "{FFD4B48A-CA6D-443A-B7CB-28E40446E8B2}"
EndProject
Project("{9A19103F-16F7-4668-BE54-9A1E7A4F7556}") = "HBLibrary.Interface.Core", "..\HBLibrary\HBLibrary.Interface.Core\HBLibrary.Interface.Core.csproj", "{5EECCF55-44AB-4123-996A-957A886FCCD8}"
EndProject
Project("{9A19103F-16F7-4668-BE54-9A1E7A4F7556}") = "FileManager.Domain", "FileManager.Domain\FileManager.Domain.csproj", "{340A3CCF-B072-4F8D-B846-7288431799E6}"
EndProject
Project("{9A19103F-16F7-4668-BE54-9A1E7A4F7556}") = "FileManager.Domain.JobSteps", "FileManager.Domain.JobSteps\FileManager.Domain.JobSteps.csproj", "{793A8969-E54F-4665-8937-E92D3CC22C55}"
EndProject
Project("{9A19103F-16F7-4668-BE54-9A1E7A4F7556}") = "HBLibrary.DataStructures", "..\HBLibrary\HBLibrary.DataStructures\HBLibrary.DataStructures.csproj", "{28F58237-0FAD-4847-82D4-E6EEE3868D0D}"
EndProject
Project("{9A19103F-16F7-4668-BE54-9A1E7A4F7556}") = "HBLibrary.Logging.FlowDocumentTarget", "..\HBLibrary\HBLibrary.Logging.FlowDocumentTarget\HBLibrary.Logging.FlowDocumentTarget.csproj", "{77AB3EA5-3844-4DBB-88EF-2F37186214A9}"
EndProject
Global
	GlobalSection(SolutionConfigurationPlatforms) = preSolution
		Debug|Any CPU = Debug|Any CPU
		Release|Any CPU = Release|Any CPU
	EndGlobalSection
	GlobalSection(ProjectConfigurationPlatforms) = postSolution
		{A045DC8E-3DC2-45F0-89C0-D460672007FE}.Debug|Any CPU.ActiveCfg = Debug|Any CPU
		{A045DC8E-3DC2-45F0-89C0-D460672007FE}.Debug|Any CPU.Build.0 = Debug|Any CPU
		{A045DC8E-3DC2-45F0-89C0-D460672007FE}.Release|Any CPU.ActiveCfg = Release|Any CPU
		{A045DC8E-3DC2-45F0-89C0-D460672007FE}.Release|Any CPU.Build.0 = Release|Any CPU
		{C1964CB5-1B41-4583-AF6E-0E6877280F28}.Debug|Any CPU.ActiveCfg = Debug|Any CPU
		{C1964CB5-1B41-4583-AF6E-0E6877280F28}.Debug|Any CPU.Build.0 = Debug|Any CPU
		{C1964CB5-1B41-4583-AF6E-0E6877280F28}.Release|Any CPU.ActiveCfg = Release|Any CPU
		{C1964CB5-1B41-4583-AF6E-0E6877280F28}.Release|Any CPU.Build.0 = Release|Any CPU
		{7CCAF77C-B110-4A45-AC4A-CA99116D2F80}.Debug|Any CPU.ActiveCfg = Debug|Any CPU
		{7CCAF77C-B110-4A45-AC4A-CA99116D2F80}.Debug|Any CPU.Build.0 = Debug|Any CPU
		{7CCAF77C-B110-4A45-AC4A-CA99116D2F80}.Release|Any CPU.ActiveCfg = Release|Any CPU
		{7CCAF77C-B110-4A45-AC4A-CA99116D2F80}.Release|Any CPU.Build.0 = Release|Any CPU
		{BBD1C84C-6149-4880-A238-3B7843E0E77F}.Debug|Any CPU.ActiveCfg = Debug|Any CPU
		{BBD1C84C-6149-4880-A238-3B7843E0E77F}.Debug|Any CPU.Build.0 = Debug|Any CPU
		{BBD1C84C-6149-4880-A238-3B7843E0E77F}.Release|Any CPU.ActiveCfg = Release|Any CPU
		{BBD1C84C-6149-4880-A238-3B7843E0E77F}.Release|Any CPU.Build.0 = Release|Any CPU
		{5D617DAB-6A49-431B-B17B-EDA3D837B4F3}.Debug|Any CPU.ActiveCfg = Debug|Any CPU
		{5D617DAB-6A49-431B-B17B-EDA3D837B4F3}.Debug|Any CPU.Build.0 = Debug|Any CPU
		{5D617DAB-6A49-431B-B17B-EDA3D837B4F3}.Release|Any CPU.ActiveCfg = Release|Any CPU
		{5D617DAB-6A49-431B-B17B-EDA3D837B4F3}.Release|Any CPU.Build.0 = Release|Any CPU
		{6E5CE41B-2BDC-40D8-8620-66F45CFBAF19}.Debug|Any CPU.ActiveCfg = Debug|Any CPU
		{6E5CE41B-2BDC-40D8-8620-66F45CFBAF19}.Debug|Any CPU.Build.0 = Debug|Any CPU
		{6E5CE41B-2BDC-40D8-8620-66F45CFBAF19}.Release|Any CPU.ActiveCfg = Release|Any CPU
		{6E5CE41B-2BDC-40D8-8620-66F45CFBAF19}.Release|Any CPU.Build.0 = Release|Any CPU
		{F7900351-5CE6-43DE-A72B-C20CD68C1E7A}.Debug|Any CPU.ActiveCfg = Debug|Any CPU
		{F7900351-5CE6-43DE-A72B-C20CD68C1E7A}.Debug|Any CPU.Build.0 = Debug|Any CPU
		{F7900351-5CE6-43DE-A72B-C20CD68C1E7A}.Release|Any CPU.ActiveCfg = Release|Any CPU
		{F7900351-5CE6-43DE-A72B-C20CD68C1E7A}.Release|Any CPU.Build.0 = Release|Any CPU
		{76832B5D-F39A-408F-AB26-0D30C2F7AAA2}.Debug|Any CPU.ActiveCfg = Debug|Any CPU
		{76832B5D-F39A-408F-AB26-0D30C2F7AAA2}.Debug|Any CPU.Build.0 = Debug|Any CPU
		{76832B5D-F39A-408F-AB26-0D30C2F7AAA2}.Release|Any CPU.ActiveCfg = Release|Any CPU
		{76832B5D-F39A-408F-AB26-0D30C2F7AAA2}.Release|Any CPU.Build.0 = Release|Any CPU
		{9AA0DF51-00D9-4D4F-970A-8A9308B75D90}.Debug|Any CPU.ActiveCfg = Debug|Any CPU
		{9AA0DF51-00D9-4D4F-970A-8A9308B75D90}.Debug|Any CPU.Build.0 = Debug|Any CPU
		{9AA0DF51-00D9-4D4F-970A-8A9308B75D90}.Release|Any CPU.ActiveCfg = Release|Any CPU
		{9AA0DF51-00D9-4D4F-970A-8A9308B75D90}.Release|Any CPU.Build.0 = Release|Any CPU
		{0D83FAF7-991B-4B42-8BCD-B08E4E0E7CB6}.Debug|Any CPU.ActiveCfg = Debug|Any CPU
		{0D83FAF7-991B-4B42-8BCD-B08E4E0E7CB6}.Debug|Any CPU.Build.0 = Debug|Any CPU
		{0D83FAF7-991B-4B42-8BCD-B08E4E0E7CB6}.Release|Any CPU.ActiveCfg = Release|Any CPU
		{0D83FAF7-991B-4B42-8BCD-B08E4E0E7CB6}.Release|Any CPU.Build.0 = Release|Any CPU
		{106B8A99-C6AA-439C-90E5-6178EDFA10B3}.Debug|Any CPU.ActiveCfg = Debug|Any CPU
		{106B8A99-C6AA-439C-90E5-6178EDFA10B3}.Debug|Any CPU.Build.0 = Debug|Any CPU
		{106B8A99-C6AA-439C-90E5-6178EDFA10B3}.Release|Any CPU.ActiveCfg = Release|Any CPU
		{106B8A99-C6AA-439C-90E5-6178EDFA10B3}.Release|Any CPU.Build.0 = Release|Any CPU
		{1042A60C-D4E4-4FBB-8D1A-19E5CABAFE70}.Debug|Any CPU.ActiveCfg = Debug|Any CPU
		{1042A60C-D4E4-4FBB-8D1A-19E5CABAFE70}.Debug|Any CPU.Build.0 = Debug|Any CPU
		{1042A60C-D4E4-4FBB-8D1A-19E5CABAFE70}.Release|Any CPU.ActiveCfg = Release|Any CPU
		{1042A60C-D4E4-4FBB-8D1A-19E5CABAFE70}.Release|Any CPU.Build.0 = Release|Any CPU
		{BA7F327E-15D8-4B48-92F3-9C477AAA609B}.Debug|Any CPU.ActiveCfg = Debug|Any CPU
		{BA7F327E-15D8-4B48-92F3-9C477AAA609B}.Debug|Any CPU.Build.0 = Debug|Any CPU
		{BA7F327E-15D8-4B48-92F3-9C477AAA609B}.Release|Any CPU.ActiveCfg = Release|Any CPU
		{BA7F327E-15D8-4B48-92F3-9C477AAA609B}.Release|Any CPU.Build.0 = Release|Any CPU
		{015ABDDE-57BA-44B4-BE15-DE10370C551E}.Debug|Any CPU.ActiveCfg = Debug|Any CPU
		{015ABDDE-57BA-44B4-BE15-DE10370C551E}.Debug|Any CPU.Build.0 = Debug|Any CPU
		{015ABDDE-57BA-44B4-BE15-DE10370C551E}.Release|Any CPU.ActiveCfg = Release|Any CPU
		{015ABDDE-57BA-44B4-BE15-DE10370C551E}.Release|Any CPU.Build.0 = Release|Any CPU
		{B237F4CE-5E3F-47EF-A5A9-791671F146B3}.Debug|Any CPU.ActiveCfg = Debug|Any CPU
		{B237F4CE-5E3F-47EF-A5A9-791671F146B3}.Debug|Any CPU.Build.0 = Debug|Any CPU
		{B237F4CE-5E3F-47EF-A5A9-791671F146B3}.Release|Any CPU.ActiveCfg = Release|Any CPU
		{B237F4CE-5E3F-47EF-A5A9-791671F146B3}.Release|Any CPU.Build.0 = Release|Any CPU
		{8E03D3E3-844A-4047-ACA8-F57F28D51D7B}.Debug|Any CPU.ActiveCfg = Debug|Any CPU
		{8E03D3E3-844A-4047-ACA8-F57F28D51D7B}.Debug|Any CPU.Build.0 = Debug|Any CPU
		{8E03D3E3-844A-4047-ACA8-F57F28D51D7B}.Release|Any CPU.ActiveCfg = Release|Any CPU
		{8E03D3E3-844A-4047-ACA8-F57F28D51D7B}.Release|Any CPU.Build.0 = Release|Any CPU
		{08A4E221-E3C5-41FC-9939-7F93F9F0B0EA}.Debug|Any CPU.ActiveCfg = Debug|Any CPU
		{08A4E221-E3C5-41FC-9939-7F93F9F0B0EA}.Debug|Any CPU.Build.0 = Debug|Any CPU
		{08A4E221-E3C5-41FC-9939-7F93F9F0B0EA}.Release|Any CPU.ActiveCfg = Release|Any CPU
		{08A4E221-E3C5-41FC-9939-7F93F9F0B0EA}.Release|Any CPU.Build.0 = Release|Any CPU
		{FFB81299-09C5-4623-9D96-9E74E0366484}.Debug|Any CPU.ActiveCfg = Debug|Any CPU
		{FFB81299-09C5-4623-9D96-9E74E0366484}.Debug|Any CPU.Build.0 = Debug|Any CPU
		{FFB81299-09C5-4623-9D96-9E74E0366484}.Release|Any CPU.ActiveCfg = Release|Any CPU
		{FFB81299-09C5-4623-9D96-9E74E0366484}.Release|Any CPU.Build.0 = Release|Any CPU
		{EC57435C-E263-40F2-A272-2D54FFA96DEB}.Debug|Any CPU.ActiveCfg = Debug|Any CPU
		{EC57435C-E263-40F2-A272-2D54FFA96DEB}.Debug|Any CPU.Build.0 = Debug|Any CPU
		{EC57435C-E263-40F2-A272-2D54FFA96DEB}.Release|Any CPU.ActiveCfg = Release|Any CPU
		{EC57435C-E263-40F2-A272-2D54FFA96DEB}.Release|Any CPU.Build.0 = Release|Any CPU
		{BCB2C505-F5E1-4B6B-972D-D1857881DA9A}.Debug|Any CPU.ActiveCfg = Debug|Any CPU
		{BCB2C505-F5E1-4B6B-972D-D1857881DA9A}.Debug|Any CPU.Build.0 = Debug|Any CPU
		{BCB2C505-F5E1-4B6B-972D-D1857881DA9A}.Release|Any CPU.ActiveCfg = Release|Any CPU
		{BCB2C505-F5E1-4B6B-972D-D1857881DA9A}.Release|Any CPU.Build.0 = Release|Any CPU
		{42AB8B3D-03CB-4613-B920-2F85457E00E0}.Debug|Any CPU.ActiveCfg = Debug|Any CPU
		{42AB8B3D-03CB-4613-B920-2F85457E00E0}.Debug|Any CPU.Build.0 = Debug|Any CPU
		{42AB8B3D-03CB-4613-B920-2F85457E00E0}.Release|Any CPU.ActiveCfg = Release|Any CPU
		{42AB8B3D-03CB-4613-B920-2F85457E00E0}.Release|Any CPU.Build.0 = Release|Any CPU
		{EE1C7282-9D4E-4A01-9540-A417DA33BE65}.Debug|Any CPU.ActiveCfg = Debug|Any CPU
		{EE1C7282-9D4E-4A01-9540-A417DA33BE65}.Debug|Any CPU.Build.0 = Debug|Any CPU
		{EE1C7282-9D4E-4A01-9540-A417DA33BE65}.Release|Any CPU.ActiveCfg = Release|Any CPU
		{EE1C7282-9D4E-4A01-9540-A417DA33BE65}.Release|Any CPU.Build.0 = Release|Any CPU
		{FFD4B48A-CA6D-443A-B7CB-28E40446E8B2}.Debug|Any CPU.ActiveCfg = Debug|Any CPU
		{FFD4B48A-CA6D-443A-B7CB-28E40446E8B2}.Debug|Any CPU.Build.0 = Debug|Any CPU
		{FFD4B48A-CA6D-443A-B7CB-28E40446E8B2}.Release|Any CPU.ActiveCfg = Release|Any CPU
		{FFD4B48A-CA6D-443A-B7CB-28E40446E8B2}.Release|Any CPU.Build.0 = Release|Any CPU
		{5EECCF55-44AB-4123-996A-957A886FCCD8}.Debug|Any CPU.ActiveCfg = Debug|Any CPU
		{5EECCF55-44AB-4123-996A-957A886FCCD8}.Debug|Any CPU.Build.0 = Debug|Any CPU
		{5EECCF55-44AB-4123-996A-957A886FCCD8}.Release|Any CPU.ActiveCfg = Release|Any CPU
		{5EECCF55-44AB-4123-996A-957A886FCCD8}.Release|Any CPU.Build.0 = Release|Any CPU
		{340A3CCF-B072-4F8D-B846-7288431799E6}.Debug|Any CPU.ActiveCfg = Debug|Any CPU
		{340A3CCF-B072-4F8D-B846-7288431799E6}.Debug|Any CPU.Build.0 = Debug|Any CPU
		{340A3CCF-B072-4F8D-B846-7288431799E6}.Release|Any CPU.ActiveCfg = Release|Any CPU
		{340A3CCF-B072-4F8D-B846-7288431799E6}.Release|Any CPU.Build.0 = Release|Any CPU
		{793A8969-E54F-4665-8937-E92D3CC22C55}.Debug|Any CPU.ActiveCfg = Debug|Any CPU
		{793A8969-E54F-4665-8937-E92D3CC22C55}.Debug|Any CPU.Build.0 = Debug|Any CPU
		{793A8969-E54F-4665-8937-E92D3CC22C55}.Release|Any CPU.ActiveCfg = Release|Any CPU
		{793A8969-E54F-4665-8937-E92D3CC22C55}.Release|Any CPU.Build.0 = Release|Any CPU
		{28F58237-0FAD-4847-82D4-E6EEE3868D0D}.Debug|Any CPU.ActiveCfg = Debug|Any CPU
		{28F58237-0FAD-4847-82D4-E6EEE3868D0D}.Debug|Any CPU.Build.0 = Debug|Any CPU
		{28F58237-0FAD-4847-82D4-E6EEE3868D0D}.Release|Any CPU.ActiveCfg = Release|Any CPU
		{28F58237-0FAD-4847-82D4-E6EEE3868D0D}.Release|Any CPU.Build.0 = Release|Any CPU
		{77AB3EA5-3844-4DBB-88EF-2F37186214A9}.Debug|Any CPU.ActiveCfg = Debug|Any CPU
		{77AB3EA5-3844-4DBB-88EF-2F37186214A9}.Debug|Any CPU.Build.0 = Debug|Any CPU
		{77AB3EA5-3844-4DBB-88EF-2F37186214A9}.Release|Any CPU.ActiveCfg = Release|Any CPU
		{77AB3EA5-3844-4DBB-88EF-2F37186214A9}.Release|Any CPU.Build.0 = Release|Any CPU
	EndGlobalSection
	GlobalSection(SolutionProperties) = preSolution
		HideSolutionNode = FALSE
	EndGlobalSection
	GlobalSection(NestedProjects) = preSolution
		{A045DC8E-3DC2-45F0-89C0-D460672007FE} = {1D225878-8FC8-419F-9F2E-C1599089CC69}
		{C1964CB5-1B41-4583-AF6E-0E6877280F28} = {89522F03-38CD-42E6-84A6-87A87F1484CA}
		{7CCAF77C-B110-4A45-AC4A-CA99116D2F80} = {BF3CDBC6-80B8-442C-8DC8-0187AD35714A}
		{BBD1C84C-6149-4880-A238-3B7843E0E77F} = {BF3CDBC6-80B8-442C-8DC8-0187AD35714A}
		{5D617DAB-6A49-431B-B17B-EDA3D837B4F3} = {7B4DD5B4-406F-4D30-B287-7A74C5093B5B}
		{6E5CE41B-2BDC-40D8-8620-66F45CFBAF19} = {1D225878-8FC8-419F-9F2E-C1599089CC69}
		{F7900351-5CE6-43DE-A72B-C20CD68C1E7A} = {89522F03-38CD-42E6-84A6-87A87F1484CA}
		{76832B5D-F39A-408F-AB26-0D30C2F7AAA2} = {1D225878-8FC8-419F-9F2E-C1599089CC69}
		{9AA0DF51-00D9-4D4F-970A-8A9308B75D90} = {BF3CDBC6-80B8-442C-8DC8-0187AD35714A}
		{0D83FAF7-991B-4B42-8BCD-B08E4E0E7CB6} = {89522F03-38CD-42E6-84A6-87A87F1484CA}
		{106B8A99-C6AA-439C-90E5-6178EDFA10B3} = {7B4DD5B4-406F-4D30-B287-7A74C5093B5B}
		{1042A60C-D4E4-4FBB-8D1A-19E5CABAFE70} = {7B4DD5B4-406F-4D30-B287-7A74C5093B5B}
		{BA7F327E-15D8-4B48-92F3-9C477AAA609B} = {7B4DD5B4-406F-4D30-B287-7A74C5093B5B}
		{015ABDDE-57BA-44B4-BE15-DE10370C551E} = {7B4DD5B4-406F-4D30-B287-7A74C5093B5B}
		{B237F4CE-5E3F-47EF-A5A9-791671F146B3} = {7B4DD5B4-406F-4D30-B287-7A74C5093B5B}
		{8E03D3E3-844A-4047-ACA8-F57F28D51D7B} = {7B4DD5B4-406F-4D30-B287-7A74C5093B5B}
		{08A4E221-E3C5-41FC-9939-7F93F9F0B0EA} = {7B4DD5B4-406F-4D30-B287-7A74C5093B5B}
		{FFB81299-09C5-4623-9D96-9E74E0366484} = {7B4DD5B4-406F-4D30-B287-7A74C5093B5B}
		{EC57435C-E263-40F2-A272-2D54FFA96DEB} = {7B4DD5B4-406F-4D30-B287-7A74C5093B5B}
		{BCB2C505-F5E1-4B6B-972D-D1857881DA9A} = {7B4DD5B4-406F-4D30-B287-7A74C5093B5B}
		{42AB8B3D-03CB-4613-B920-2F85457E00E0} = {7B4DD5B4-406F-4D30-B287-7A74C5093B5B}
		{EE1C7282-9D4E-4A01-9540-A417DA33BE65} = {7B4DD5B4-406F-4D30-B287-7A74C5093B5B}
		{FFD4B48A-CA6D-443A-B7CB-28E40446E8B2} = {7B4DD5B4-406F-4D30-B287-7A74C5093B5B}
		{5EECCF55-44AB-4123-996A-957A886FCCD8} = {7B4DD5B4-406F-4D30-B287-7A74C5093B5B}
		{340A3CCF-B072-4F8D-B846-7288431799E6} = {E5F6C9AF-8370-49D1-A36E-E08511C3277F}
		{793A8969-E54F-4665-8937-E92D3CC22C55} = {E5F6C9AF-8370-49D1-A36E-E08511C3277F}
		{28F58237-0FAD-4847-82D4-E6EEE3868D0D} = {7B4DD5B4-406F-4D30-B287-7A74C5093B5B}
		{77AB3EA5-3844-4DBB-88EF-2F37186214A9} = {7B4DD5B4-406F-4D30-B287-7A74C5093B5B}
	EndGlobalSection
	GlobalSection(ExtensibilityGlobals) = postSolution
		SolutionGuid = {BE14C107-2CE1-4AA5-929A-C946862C90F8}
	EndGlobalSection
EndGlobal
