
Microsoft Visual Studio Solution File, Format Version 12.00
# Visual Studio Version 17
VisualStudioVersion = 17.8.34322.80
MinimumVisualStudioVersion = 10.0.40219.1
Project("{2150E333-8FDC-42A3-9474-1A3956D46DE8}") = "0_Common", "0_Common", "{7B4DD5B4-406F-4D30-B287-7A74C5093B5B}"
EndProject
Project("{2150E333-8FDC-42A3-9474-1A3956D46DE8}") = "2_Core", "2_Core", "{1D225878-8FC8-419F-9F2E-C1599089CC69}"
EndProject
Project("{9A19103F-16F7-4668-BE54-9A1E7A4F7556}") = "FileManager.Core.Interpreter", "FileManager.Core.Interpreter\FileManager.Core.Interpreter.csproj", "{A045DC8E-3DC2-45F0-89C0-D460672007FE}"
EndProject
Project("{9A19103F-16F7-4668-BE54-9A1E7A4F7556}") = "FileManager.UI", "FileManager.UI\FileManager.UI.csproj", "{C1964CB5-1B41-4583-AF6E-0E6877280F28}"
EndProject
Project("{2150E333-8FDC-42A3-9474-1A3956D46DE8}") = "1_UI", "1_UI", "{89522F03-38CD-42E6-84A6-87A87F1484CA}"
EndProject
Project("{2150E333-8FDC-42A3-9474-1A3956D46DE8}") = "3_Tests", "3_Tests", "{BF3CDBC6-80B8-442C-8DC8-0187AD35714A}"
EndProject
Project("{9A19103F-16F7-4668-BE54-9A1E7A4F7556}") = "FileManager.Core.Interpreter.Tests", "FileManager.Core.Interpreter.Tests\FileManager.Core.Interpreter.Tests.csproj", "{7CCAF77C-B110-4A45-AC4A-CA99116D2F80}"
EndProject
Project("{9A19103F-16F7-4668-BE54-9A1E7A4F7556}") = "FileManager.TestBase", "FileManager.TestBase\FileManager.TestBase.csproj", "{BBD1C84C-6149-4880-A238-3B7843E0E77F}"
EndProject
Project("{9A19103F-16F7-4668-BE54-9A1E7A4F7556}") = "HBLibrary.Common", "..\HBLibrary\HBLibrary.Common\HBLibrary.Common.csproj", "{95C3C08C-EDB1-4AF2-B4C7-9FD8E9C7F0B3}"
EndProject
Project("{9A19103F-16F7-4668-BE54-9A1E7A4F7556}") = "HBLibrary.Code.Interpreter", "..\HBLibrary\HBLibrary.Code.Interpreter\HBLibrary.Code.Interpreter.csproj", "{E4BD8571-935A-4790-9B6C-A8B77A0D99EC}"
EndProject
Project("{9A19103F-16F7-4668-BE54-9A1E7A4F7556}") = "HBLibrary.Services.IO", "..\HBLibrary\HBLibrary.Services.IO\HBLibrary.Services.IO.csproj", "{851946FE-6FA9-43B7-950D-28F90B16190E}"
EndProject
Project("{9A19103F-16F7-4668-BE54-9A1E7A4F7556}") = "HBLibrary.Wpf", "..\HBLibrary\HBLibrary.Wpf\HBLibrary.Wpf.csproj", "{5D617DAB-6A49-431B-B17B-EDA3D837B4F3}"
EndProject
Project("{9A19103F-16F7-4668-BE54-9A1E7A4F7556}") = "FileManager.Core", "FileManager.Core\FileManager.Core.csproj", "{6E5CE41B-2BDC-40D8-8620-66F45CFBAF19}"
EndProject
Project("{9A19103F-16F7-4668-BE54-9A1E7A4F7556}") = "FileManager.WorkerService", "FileManager.WorkerService\FileManager.WorkerService.csproj", "{F7900351-5CE6-43DE-A72B-C20CD68C1E7A}"
EndProject
Global
	GlobalSection(SolutionConfigurationPlatforms) = preSolution
		Debug|Any CPU = Debug|Any CPU
		Release|Any CPU = Release|Any CPU
	EndGlobalSection
	GlobalSection(ProjectConfigurationPlatforms) = postSolution
		{A045DC8E-3DC2-45F0-89C0-D460672007FE}.Debug|Any CPU.ActiveCfg = Debug|Any CPU
		{A045DC8E-3DC2-45F0-89C0-D460672007FE}.Debug|Any CPU.Build.0 = Debug|Any CPU
		{A045DC8E-3DC2-45F0-89C0-D460672007FE}.Release|Any CPU.ActiveCfg = Release|Any CPU
		{A045DC8E-3DC2-45F0-89C0-D460672007FE}.Release|Any CPU.Build.0 = Release|Any CPU
		{C1964CB5-1B41-4583-AF6E-0E6877280F28}.Debug|Any CPU.ActiveCfg = Debug|Any CPU
		{C1964CB5-1B41-4583-AF6E-0E6877280F28}.Debug|Any CPU.Build.0 = Debug|Any CPU
		{C1964CB5-1B41-4583-AF6E-0E6877280F28}.Release|Any CPU.ActiveCfg = Release|Any CPU
		{C1964CB5-1B41-4583-AF6E-0E6877280F28}.Release|Any CPU.Build.0 = Release|Any CPU
		{7CCAF77C-B110-4A45-AC4A-CA99116D2F80}.Debug|Any CPU.ActiveCfg = Debug|Any CPU
		{7CCAF77C-B110-4A45-AC4A-CA99116D2F80}.Debug|Any CPU.Build.0 = Debug|Any CPU
		{7CCAF77C-B110-4A45-AC4A-CA99116D2F80}.Release|Any CPU.ActiveCfg = Release|Any CPU
		{7CCAF77C-B110-4A45-AC4A-CA99116D2F80}.Release|Any CPU.Build.0 = Release|Any CPU
		{BBD1C84C-6149-4880-A238-3B7843E0E77F}.Debug|Any CPU.ActiveCfg = Debug|Any CPU
		{BBD1C84C-6149-4880-A238-3B7843E0E77F}.Debug|Any CPU.Build.0 = Debug|Any CPU
		{BBD1C84C-6149-4880-A238-3B7843E0E77F}.Release|Any CPU.ActiveCfg = Release|Any CPU
		{BBD1C84C-6149-4880-A238-3B7843E0E77F}.Release|Any CPU.Build.0 = Release|Any CPU
		{95C3C08C-EDB1-4AF2-B4C7-9FD8E9C7F0B3}.Debug|Any CPU.ActiveCfg = Debug|Any CPU
		{95C3C08C-EDB1-4AF2-B4C7-9FD8E9C7F0B3}.Debug|Any CPU.Build.0 = Debug|Any CPU
		{95C3C08C-EDB1-4AF2-B4C7-9FD8E9C7F0B3}.Release|Any CPU.ActiveCfg = Release|Any CPU
		{95C3C08C-EDB1-4AF2-B4C7-9FD8E9C7F0B3}.Release|Any CPU.Build.0 = Release|Any CPU
		{E4BD8571-935A-4790-9B6C-A8B77A0D99EC}.Debug|Any CPU.ActiveCfg = Debug|Any CPU
		{E4BD8571-935A-4790-9B6C-A8B77A0D99EC}.Debug|Any CPU.Build.0 = Debug|Any CPU
		{E4BD8571-935A-4790-9B6C-A8B77A0D99EC}.Release|Any CPU.ActiveCfg = Release|Any CPU
		{E4BD8571-935A-4790-9B6C-A8B77A0D99EC}.Release|Any CPU.Build.0 = Release|Any CPU
		{851946FE-6FA9-43B7-950D-28F90B16190E}.Debug|Any CPU.ActiveCfg = Debug|Any CPU
		{851946FE-6FA9-43B7-950D-28F90B16190E}.Debug|Any CPU.Build.0 = Debug|Any CPU
		{851946FE-6FA9-43B7-950D-28F90B16190E}.Release|Any CPU.ActiveCfg = Release|Any CPU
		{851946FE-6FA9-43B7-950D-28F90B16190E}.Release|Any CPU.Build.0 = Release|Any CPU
		{5D617DAB-6A49-431B-B17B-EDA3D837B4F3}.Debug|Any CPU.ActiveCfg = Debug|Any CPU
		{5D617DAB-6A49-431B-B17B-EDA3D837B4F3}.Debug|Any CPU.Build.0 = Debug|Any CPU
		{5D617DAB-6A49-431B-B17B-EDA3D837B4F3}.Release|Any CPU.ActiveCfg = Release|Any CPU
		{5D617DAB-6A49-431B-B17B-EDA3D837B4F3}.Release|Any CPU.Build.0 = Release|Any CPU
		{6E5CE41B-2BDC-40D8-8620-66F45CFBAF19}.Debug|Any CPU.ActiveCfg = Debug|Any CPU
		{6E5CE41B-2BDC-40D8-8620-66F45CFBAF19}.Debug|Any CPU.Build.0 = Debug|Any CPU
		{6E5CE41B-2BDC-40D8-8620-66F45CFBAF19}.Release|Any CPU.ActiveCfg = Release|Any CPU
		{6E5CE41B-2BDC-40D8-8620-66F45CFBAF19}.Release|Any CPU.Build.0 = Release|Any CPU
		{F7900351-5CE6-43DE-A72B-C20CD68C1E7A}.Debug|Any CPU.ActiveCfg = Debug|Any CPU
		{F7900351-5CE6-43DE-A72B-C20CD68C1E7A}.Debug|Any CPU.Build.0 = Debug|Any CPU
		{F7900351-5CE6-43DE-A72B-C20CD68C1E7A}.Release|Any CPU.ActiveCfg = Release|Any CPU
		{F7900351-5CE6-43DE-A72B-C20CD68C1E7A}.Release|Any CPU.Build.0 = Release|Any CPU
	EndGlobalSection
	GlobalSection(SolutionProperties) = preSolution
		HideSolutionNode = FALSE
	EndGlobalSection
	GlobalSection(NestedProjects) = preSolution
		{A045DC8E-3DC2-45F0-89C0-D460672007FE} = {1D225878-8FC8-419F-9F2E-C1599089CC69}
		{C1964CB5-1B41-4583-AF6E-0E6877280F28} = {89522F03-38CD-42E6-84A6-87A87F1484CA}
		{7CCAF77C-B110-4A45-AC4A-CA99116D2F80} = {BF3CDBC6-80B8-442C-8DC8-0187AD35714A}
		{BBD1C84C-6149-4880-A238-3B7843E0E77F} = {BF3CDBC6-80B8-442C-8DC8-0187AD35714A}
		{95C3C08C-EDB1-4AF2-B4C7-9FD8E9C7F0B3} = {7B4DD5B4-406F-4D30-B287-7A74C5093B5B}
		{E4BD8571-935A-4790-9B6C-A8B77A0D99EC} = {7B4DD5B4-406F-4D30-B287-7A74C5093B5B}
		{851946FE-6FA9-43B7-950D-28F90B16190E} = {7B4DD5B4-406F-4D30-B287-7A74C5093B5B}
		{5D617DAB-6A49-431B-B17B-EDA3D837B4F3} = {7B4DD5B4-406F-4D30-B287-7A74C5093B5B}
		{6E5CE41B-2BDC-40D8-8620-66F45CFBAF19} = {1D225878-8FC8-419F-9F2E-C1599089CC69}
		{F7900351-5CE6-43DE-A72B-C20CD68C1E7A} = {89522F03-38CD-42E6-84A6-87A87F1484CA}
	EndGlobalSection
	GlobalSection(ExtensibilityGlobals) = postSolution
		SolutionGuid = {BE14C107-2CE1-4AA5-929A-C946862C90F8}
	EndGlobalSection
EndGlobal
